{
  "version": 4,
  "terraform_version": "1.14.4",
  "serial": 17,
  "lineage": "89025ba7-5260-dbf5-8128-bc4c17642311",
  "outputs": {},
  "resources": [
    {
      "mode": "data",
      "type": "azapi_resource",
      "name": "subscription",
      "provider": "provider[\"registry.terraform.io/azure/azapi\"]",
      "instances": [
        {
          "schema_version": 0,
          "attributes": {
            "id": "/subscriptions/2e63d2be-c58f-4c17-b08d-967891a03825",
            "identity": [],
            "location": "",
            "name": "2e63d2be-c58f-4c17-b08d-967891a03825",
            "output": "{\"authorizationSource\":\"RoleBased\",\"displayName\":\"Azure sponsring - $9k\",\"id\":\"/subscriptions/2e63d2be-c58f-4c17-b08d-967891a03825\",\"managedByTenants\":[],\"state\":\"Enabled\",\"subscriptionId\":\"2e63d2be-c58f-4c17-b08d-967891a03825\",\"subscriptionPolicies\":{\"locationPlacementId\":\"Public_2014-09-01\",\"quotaId\":\"Sponsored_2016-01-01\",\"spendingLimit\":\"Off\"},\"tags\":{\"BillingOwner\":\"Niklas Klasén\",\"Owner\":\"Niklas Klasén\"},\"tenantId\":\"527dfd72-3da7-4ed0-a1b0-c2003884db6a\"}",
            "parent_id": "/",
            "resource_id": "/subscriptions/2e63d2be-c58f-4c17-b08d-967891a03825",
            "response_export_values": [
              "*"
            ],
            "tags": {
              "BillingOwner": "Niklas Klasén",
              "Owner": "Niklas Klasén"
            },
            "timeouts": null,
            "type": "Microsoft.Resources/subscriptions@2021-01-01"
          },
          "sensitive_attributes": [],
          "identity_schema_version": 0
        }
      ]
    },
    {
      "mode": "data",
      "type": "azurerm_client_config",
      "name": "current",
      "provider": "provider[\"registry.terraform.io/hashicorp/azurerm\"]",
      "instances": [
        {
          "schema_version": 0,
          "attributes": {
            "client_id": "04b07795-8ddb-461a-bbee-02f9e1bf7b46",
            "id": "2026-02-07 13:43:25.197518322 +0000 UTC",
            "object_id": "",
            "subscription_id": "2e63d2be-c58f-4c17-b08d-967891a03825",
            "tenant_id": "527dfd72-3da7-4ed0-a1b0-c2003884db6a",
            "timeouts": null
          },
          "sensitive_attributes": [],
          "identity_schema_version": 0
        }
      ]
    },
    {
      "mode": "managed",
      "type": "azapi_resource",
      "name": "networkGroup-1",
      "provider": "provider[\"registry.terraform.io/azure/azapi\"]",
      "instances": [
        {
          "schema_version": 0,
          "attributes": {
            "body": "{\"properties\":{}}",
            "id": "/subscriptions/2e63d2be-c58f-4c17-b08d-967891a03825/resourceGroups/rg-avnm-demo/providers/Microsoft.Network/networkManagers/avnm-tf-demo/networkGroups/TF-NetworkGroup-1",
            "identity": [],
            "ignore_casing": false,
            "ignore_missing_property": true,
            "location": "",
            "locks": null,
            "name": "TF-NetworkGroup-1",
            "output": "{\"etag\":\"\\\"8a01de2e-0000-4700-0000-6985164a0000\\\"\",\"id\":\"/subscriptions/2e63d2be-c58f-4c17-b08d-967891a03825/resourceGroups/rg-avnm-demo/providers/Microsoft.Network/networkManagers/avnm-tf-demo/networkGroups/TF-NetworkGroup-1\",\"name\":\"TF-NetworkGroup-1\",\"properties\":{\"description\":\"\",\"memberType\":\"VirtualNetwork\",\"provisioningState\":\"Succeeded\",\"resourceGuid\":\"5b6cc449-b2e6-4d1b-8801-7ec9f0a16b3f\"},\"systemData\":{\"createdAt\":\"2026-02-05T22:14:32.1600209Z\",\"createdBy\":\"niklas.klasen@demoonevinn.net\",\"createdByType\":\"User\",\"lastModifiedAt\":\"2026-02-05T22:14:32.1600209Z\",\"lastModifiedBy\":\"niklas.klasen@demoonevinn.net\",\"lastModifiedByType\":\"User\"},\"type\":\"Microsoft.Network/networkManagers/networkGroups\"}",
            "parent_id": "/subscriptions/2e63d2be-c58f-4c17-b08d-967891a03825/resourceGroups/rg-avnm-demo/providers/Microsoft.Network/networkManagers/avnm-tf-demo",
            "removing_special_chars": false,
            "response_export_values": [
              "*"
            ],
            "schema_validation_enabled": false,
            "tags": {},
            "timeouts": null,
            "type": "Microsoft.Network/networkManagers/networkGroups@2024-10-01"
          },
          "sensitive_attributes": [],
          "identity_schema_version": 0,
          "private": "eyJlMmJmYjczMC1lY2FhLTExZTYtOGY4OC0zNDM2M2JjN2M0YzAiOnsiY3JlYXRlIjoxODAwMDAwMDAwMDAwLCJkZWxldGUiOjE4MDAwMDAwMDAwMDAsInJlYWQiOjMwMDAwMDAwMDAwMCwidXBkYXRlIjoxODAwMDAwMDAwMDAwfX0=",
          "dependencies": [
            "azapi_resource.networkManager",
            "azurerm_resource_group.rg",
            "data.azapi_resource.subscription",
            "data.azurerm_client_config.current"
          ]
        }
      ]
    },
    {
      "mode": "managed",
      "type": "azapi_resource",
      "name": "networkGroup-2",
      "provider": "provider[\"registry.terraform.io/azure/azapi\"]",
      "instances": [
        {
          "schema_version": 0,
          "attributes": {
            "body": "{\"properties\":{}}",
            "id": "/subscriptions/2e63d2be-c58f-4c17-b08d-967891a03825/resourceGroups/rg-avnm-demo/providers/Microsoft.Network/networkManagers/avnm-tf-demo/networkGroups/TF-NetworkGroup-2",
            "identity": [],
            "ignore_casing": false,
            "ignore_missing_property": true,
            "location": "",
            "locks": null,
            "name": "TF-NetworkGroup-2",
            "output": "{\"etag\":\"\\\"8a01f22e-0000-4700-0000-6985164c0000\\\"\",\"id\":\"/subscriptions/2e63d2be-c58f-4c17-b08d-967891a03825/resourceGroups/rg-avnm-demo/providers/Microsoft.Network/networkManagers/avnm-tf-demo/networkGroups/TF-NetworkGroup-2\",\"name\":\"TF-NetworkGroup-2\",\"properties\":{\"description\":\"\",\"memberType\":\"VirtualNetwork\",\"provisioningState\":\"Succeeded\",\"resourceGuid\":\"13d6d42c-bf2d-45fa-8d0a-5b65699a2dee\"},\"systemData\":{\"createdAt\":\"2026-02-05T22:14:32.3385949Z\",\"createdBy\":\"niklas.klasen@demoonevinn.net\",\"createdByType\":\"User\",\"lastModifiedAt\":\"2026-02-05T22:14:32.3385949Z\",\"lastModifiedBy\":\"niklas.klasen@demoonevinn.net\",\"lastModifiedByType\":\"User\"},\"type\":\"Microsoft.Network/networkManagers/networkGroups\"}",
            "parent_id": "/subscriptions/2e63d2be-c58f-4c17-b08d-967891a03825/resourceGroups/rg-avnm-demo/providers/Microsoft.Network/networkManagers/avnm-tf-demo",
            "removing_special_chars": false,
            "response_export_values": [
              "*"
            ],
            "schema_validation_enabled": false,
            "tags": {},
            "timeouts": null,
            "type": "Microsoft.Network/networkManagers/networkGroups@2024-10-01"
          },
          "sensitive_attributes": [],
          "identity_schema_version": 0,
          "private": "eyJlMmJmYjczMC1lY2FhLTExZTYtOGY4OC0zNDM2M2JjN2M0YzAiOnsiY3JlYXRlIjoxODAwMDAwMDAwMDAwLCJkZWxldGUiOjE4MDAwMDAwMDAwMDAsInJlYWQiOjMwMDAwMDAwMDAwMCwidXBkYXRlIjoxODAwMDAwMDAwMDAwfX0=",
          "dependencies": [
            "azapi_resource.networkManager",
            "azurerm_resource_group.rg",
            "data.azapi_resource.subscription",
            "data.azurerm_client_config.current"
          ]
        }
      ]
    },
    {
      "mode": "managed",
      "type": "azapi_resource",
      "name": "networkManager",
      "provider": "provider[\"registry.terraform.io/azure/azapi\"]",
      "instances": [
        {
          "schema_version": 0,
          "attributes": {
            "body": "{\"properties\":{\"description\":\"\",\"networkManagerScopeAccesses\":[\"Connectivity\"],\"networkManagerScopes\":{\"managementGroups\":[],\"subscriptions\":[\"/subscriptions/2e63d2be-c58f-4c17-b08d-967891a03825\"]}}}",
            "id": "/subscriptions/2e63d2be-c58f-4c17-b08d-967891a03825/resourceGroups/rg-avnm-demo/providers/Microsoft.Network/networkManagers/avnm-tf-demo",
            "identity": [],
            "ignore_casing": false,
            "ignore_missing_property": true,
            "location": "swedencentral",
            "locks": null,
            "name": "avnm-tf-demo",
            "output": "{\"etag\":\"\\\"8a01b22e-0000-4700-0000-698516450000\\\"\",\"id\":\"/subscriptions/2e63d2be-c58f-4c17-b08d-967891a03825/resourceGroups/rg-avnm-demo/providers/Microsoft.Network/networkManagers/avnm-tf-demo\",\"location\":\"swedencentral\",\"name\":\"avnm-tf-demo\",\"properties\":{\"description\":\"\",\"networkManagerScopeAccesses\":[\"Connectivity\"],\"networkManagerScopes\":{\"crossTenantScopes\":[],\"managementGroups\":[],\"subscriptions\":[\"/subscriptions/2e63d2be-c58f-4c17-b08d-967891a03825\"]},\"provisioningState\":\"Succeeded\",\"resourceGuid\":\"c19820dc-b9c7-43ac-b6d6-4b4fdd92eb8f\"},\"systemData\":{\"createdAt\":\"2026-02-05T22:14:27.2595950Z\",\"createdBy\":\"niklas.klasen@demoonevinn.net\",\"createdByType\":\"User\",\"lastModifiedAt\":\"2026-02-05T22:14:27.2595950Z\",\"lastModifiedBy\":\"niklas.klasen@demoonevinn.net\",\"lastModifiedByType\":\"User\"},\"tags\":{},\"type\":\"Microsoft.Network/networkManagers\"}",
            "parent_id": "/subscriptions/2e63d2be-c58f-4c17-b08d-967891a03825/resourceGroups/rg-avnm-demo",
            "removing_special_chars": false,
            "response_export_values": [
              "*"
            ],
            "schema_validation_enabled": false,
            "tags": {},
            "timeouts": null,
            "type": "Microsoft.Network/networkManagers@2024-10-01"
          },
          "sensitive_attributes": [],
          "identity_schema_version": 0,
          "private": "eyJlMmJmYjczMC1lY2FhLTExZTYtOGY4OC0zNDM2M2JjN2M0YzAiOnsiY3JlYXRlIjoxODAwMDAwMDAwMDAwLCJkZWxldGUiOjE4MDAwMDAwMDAwMDAsInJlYWQiOjMwMDAwMDAwMDAwMCwidXBkYXRlIjoxODAwMDAwMDAwMDAwfX0=",
          "dependencies": [
            "azurerm_resource_group.rg",
            "data.azapi_resource.subscription",
            "data.azurerm_client_config.current"
          ]
        }
      ]
    },
    {
      "mode": "managed",
      "type": "azapi_resource",
      "name": "staticMember-1",
      "provider": "provider[\"registry.terraform.io/azure/azapi\"]",
      "instances": [
        {
          "schema_version": 0,
          "attributes": {
            "body": "{\"properties\":{\"resourceId\":\"/subscriptions/2e63d2be-c58f-4c17-b08d-967891a03825/resourceGroups/rg-vnets/providers/Microsoft.Network/virtualNetworks/vnet-1\"}}",
            "id": "/subscriptions/2e63d2be-c58f-4c17-b08d-967891a03825/resourceGroups/rg-avnm-demo/providers/Microsoft.Network/networkManagers/avnm-tf-demo/networkGroups/TF-NetworkGroup-1/staticMembers/static-member-vnet-1",
            "identity": [],
            "ignore_casing": false,
            "ignore_missing_property": true,
            "location": "",
            "locks": null,
            "name": "static-member-vnet-1",
            "output": "{\"etag\":\"\\\"8a01222f-0000-4700-0000-698516540000\\\"\",\"id\":\"/subscriptions/2e63d2be-c58f-4c17-b08d-967891a03825/resourceGroups/rg-avnm-demo/providers/Microsoft.Network/networkManagers/avnm-tf-demo/networkGroups/TF-NetworkGroup-1/staticMembers/static-member-vnet-1\",\"name\":\"static-member-vnet-1\",\"properties\":{\"location\":\"swedencentral\",\"provisioningState\":\"Succeeded\",\"resourceId\":\"/subscriptions/2e63d2be-c58f-4c17-b08d-967891a03825/resourceGroups/rg-vnets/providers/Microsoft.Network/virtualNetworks/vnet-1\"},\"systemData\":{\"createdAt\":\"2026-02-05T22:14:34.8385987Z\",\"createdBy\":\"niklas.klasen@demoonevinn.net\",\"createdByType\":\"User\",\"lastModifiedAt\":\"2026-02-05T22:14:34.8385987Z\",\"lastModifiedBy\":\"niklas.klasen@demoonevinn.net\",\"lastModifiedByType\":\"User\"},\"type\":\"Microsoft.Network/networkManagers/networkGroups/staticMembers\"}",
            "parent_id": "/subscriptions/2e63d2be-c58f-4c17-b08d-967891a03825/resourceGroups/rg-avnm-demo/providers/Microsoft.Network/networkManagers/avnm-tf-demo/networkGroups/TF-NetworkGroup-1",
            "removing_special_chars": false,
            "response_export_values": [
              "*"
            ],
            "schema_validation_enabled": false,
            "tags": {},
            "timeouts": null,
            "type": "Microsoft.Network/networkManagers/networkGroups/staticMembers@2024-10-01"
          },
          "sensitive_attributes": [],
          "identity_schema_version": 0,
          "private": "eyJlMmJmYjczMC1lY2FhLTExZTYtOGY4OC0zNDM2M2JjN2M0YzAiOnsiY3JlYXRlIjoxODAwMDAwMDAwMDAwLCJkZWxldGUiOjE4MDAwMDAwMDAwMDAsInJlYWQiOjMwMDAwMDAwMDAwMCwidXBkYXRlIjoxODAwMDAwMDAwMDAwfX0=",
          "dependencies": [
            "azapi_resource.networkGroup-1",
            "azapi_resource.networkManager",
            "azurerm_resource_group.rg",
            "data.azapi_resource.subscription",
            "data.azurerm_client_config.current"
          ]
        }
      ]
    },
    {
      "mode": "managed",
      "type": "azapi_resource",
      "name": "staticMember-2",
      "provider": "provider[\"registry.terraform.io/azure/azapi\"]",
      "instances": [
        {
          "schema_version": 0,
          "attributes": {
            "body": "{\"properties\":{\"resourceId\":\"/subscriptions/2e63d2be-c58f-4c17-b08d-967891a03825/resourceGroups/rg-vnets/providers/Microsoft.Network/virtualNetworks/vnet-2\"}}",
            "id": "/subscriptions/2e63d2be-c58f-4c17-b08d-967891a03825/resourceGroups/rg-avnm-demo/providers/Microsoft.Network/networkManagers/avnm-tf-demo/networkGroups/TF-NetworkGroup-2/staticMembers/static-member-vnet-2",
            "identity": [],
            "ignore_casing": false,
            "ignore_missing_property": true,
            "location": "",
            "locks": null,
            "name": "static-member-vnet-2",
            "output": "{\"etag\":\"\\\"f40174f8-0000-4700-0000-698741a20000\\\"\",\"id\":\"/subscriptions/2e63d2be-c58f-4c17-b08d-967891a03825/resourceGroups/rg-avnm-demo/providers/Microsoft.Network/networkManagers/avnm-tf-demo/networkGroups/TF-NetworkGroup-2/staticMembers/static-member-vnet-2\",\"name\":\"static-member-vnet-2\",\"properties\":{\"location\":\"swedencentral\",\"provisioningState\":\"Succeeded\",\"resourceId\":\"/subscriptions/2e63d2be-c58f-4c17-b08d-967891a03825/resourceGroups/rg-vnets/providers/Microsoft.Network/virtualNetworks/vnet-2\"},\"systemData\":{\"createdAt\":\"2026-02-07T13:43:51.3791829Z\",\"createdBy\":\"niklas.klasen@demoonevinn.net\",\"createdByType\":\"User\",\"lastModifiedAt\":\"2026-02-07T13:43:51.3791829Z\",\"lastModifiedBy\":\"niklas.klasen@demoonevinn.net\",\"lastModifiedByType\":\"User\"},\"type\":\"Microsoft.Network/networkManagers/networkGroups/staticMembers\"}",
            "parent_id": "/subscriptions/2e63d2be-c58f-4c17-b08d-967891a03825/resourceGroups/rg-avnm-demo/providers/Microsoft.Network/networkManagers/avnm-tf-demo/networkGroups/TF-NetworkGroup-2",
            "removing_special_chars": false,
            "response_export_values": [
              "*"
            ],
            "schema_validation_enabled": false,
            "tags": {},
            "timeouts": null,
            "type": "Microsoft.Network/networkManagers/networkGroups/staticMembers@2024-10-01"
          },
          "sensitive_attributes": [],
          "identity_schema_version": 0,
          "private": "eyJlMmJmYjczMC1lY2FhLTExZTYtOGY4OC0zNDM2M2JjN2M0YzAiOnsiY3JlYXRlIjoxODAwMDAwMDAwMDAwLCJkZWxldGUiOjE4MDAwMDAwMDAwMDAsInJlYWQiOjMwMDAwMDAwMDAwMCwidXBkYXRlIjoxODAwMDAwMDAwMDAwfX0=",
          "dependencies": [
            "azapi_resource.networkGroup-2",
            "azapi_resource.networkManager",
            "azurerm_resource_group.rg",
            "data.azapi_resource.subscription",
            "data.azurerm_client_config.current"
          ]
        }
      ]
    },
    {
      "mode": "managed",
      "type": "azurerm_resource_group",
      "name": "rg",
      "provider": "provider[\"registry.terraform.io/hashicorp/azurerm\"]",
      "instances": [
        {
          "schema_version": 0,
          "attributes": {
            "id": "/subscriptions/2e63d2be-c58f-4c17-b08d-967891a03825/resourceGroups/rg-avnm-demo",
            "location": "swedencentral",
            "name": "rg-avnm-demo",
            "tags": {},
            "timeouts": null
          },
          "sensitive_attributes": [],
          "identity_schema_version": 0,
          "private": "eyJlMmJmYjczMC1lY2FhLTExZTYtOGY4OC0zNDM2M2JjN2M0YzAiOnsiY3JlYXRlIjo1NDAwMDAwMDAwMDAwLCJkZWxldGUiOjU0MDAwMDAwMDAwMDAsInJlYWQiOjMwMDAwMDAwMDAwMCwidXBkYXRlIjo1NDAwMDAwMDAwMDAwfX0="
        }
      ]
    }
  ],
  "check_results": null
}
